
Microsoft Visual Studio Solution File, Format Version 12.00
# Visual Studio Version 17
VisualStudioVersion = 17.3.32825.248
MinimumVisualStudioVersion = 10.0.40219.1
Project("{FAE04EC0-301F-11D3-BF4B-00C04F79EFBC}") = "API", "API\API.csproj", "{D9FA2423-0894-4115-BE6B-C62E46CACC5D}"
EndProject
Global
	GlobalSection(SolutionConfigurationPlatforms) = preSolution
		Debug|Any CPU = Debug|Any CPU
		Release|Any CPU = Release|Any CPU
	EndGlobalSection
	GlobalSection(ProjectConfigurationPlatforms) = postSolution
		{D9FA2423-0894-4115-BE6B-C62E46CACC5D}.Debug|Any CPU.ActiveCfg = Debug|Any CPU
		{D9FA2423-0894-4115-BE6B-C62E46CACC5D}.Debug|Any CPU.Build.0 = Debug|Any CPU
		{D9FA2423-0894-4115-BE6B-C62E46CACC5D}.Release|Any CPU.ActiveCfg = Release|Any CPU
		{D9FA2423-0894-4115-BE6B-C62E46CACC5D}.Release|Any CPU.Build.0 = Release|Any CPU
	EndGlobalSection
	GlobalSection(SolutionProperties) = preSolution
		HideSolutionNode = FALSE
	EndGlobalSection
	GlobalSection(ExtensibilityGlobals) = postSolution
		SolutionGuid = {0A6B8DD0-A8D9-456D-9BCF-A1ABAC77DC4E}
	EndGlobalSection
EndGlobal
